
Microsoft Visual Studio Solution File, Format Version 12.00
# Visual Studio 2015
Project("{FAE04EC0-301F-11D3-BF4B-00C04F79EFBC}") = "SwitchPic", "SwitchPic.csproj", "{DEAB3675-EDC6-3ECB-FF5A-B45E6383BB20}"
EndProject
Global
	GlobalSection(SolutionConfigurationPlatforms) = preSolution
		Debug|Any CPU = Debug|Any CPU
		Release|Any CPU = Release|Any CPU
	EndGlobalSection
	GlobalSection(ProjectConfigurationPlatforms) = postSolution
		{DEAB3675-EDC6-3ECB-FF5A-B45E6383BB20}.Debug|Any CPU.ActiveCfg = Debug|Any CPU
		{DEAB3675-EDC6-3ECB-FF5A-B45E6383BB20}.Debug|Any CPU.Build.0 = Debug|Any CPU
		{DEAB3675-EDC6-3ECB-FF5A-B45E6383BB20}.Release|Any CPU.ActiveCfg = Release|Any CPU
		{DEAB3675-EDC6-3ECB-FF5A-B45E6383BB20}.Release|Any CPU.Build.0 = Release|Any CPU
	EndGlobalSection
	GlobalSection(SolutionProperties) = preSolution
		HideSolutionNode = FALSE
	EndGlobalSection
EndGlobal
