
Microsoft Visual Studio Solution File, Format Version 12.00
# Visual Studio 2017
Project("{FAE04EC0-301F-11D3-BF4B-00C04F79EFBC}") = "TestDrawLines", "TestDrawLines.csproj", "{DA56614C-BD00-B38D-E683-4B3EC420ECBF}"
EndProject
Global
	GlobalSection(SolutionConfigurationPlatforms) = preSolution
		Debug|Any CPU = Debug|Any CPU
		Release|Any CPU = Release|Any CPU
	EndGlobalSection
	GlobalSection(ProjectConfigurationPlatforms) = postSolution
		{DA56614C-BD00-B38D-E683-4B3EC420ECBF}.Debug|Any CPU.ActiveCfg = Debug|Any CPU
		{DA56614C-BD00-B38D-E683-4B3EC420ECBF}.Debug|Any CPU.Build.0 = Debug|Any CPU
		{DA56614C-BD00-B38D-E683-4B3EC420ECBF}.Release|Any CPU.ActiveCfg = Release|Any CPU
		{DA56614C-BD00-B38D-E683-4B3EC420ECBF}.Release|Any CPU.Build.0 = Release|Any CPU
	EndGlobalSection
	GlobalSection(SolutionProperties) = preSolution
		HideSolutionNode = FALSE
	EndGlobalSection
EndGlobal
