
Microsoft Visual Studio Solution File, Format Version 12.00
# Visual Studio 2017
Project("{FAE04EC0-301F-11D3-BF4B-00C04F79EFBC}") = "知识点收集1", "知识点收集1.csproj", "{8DC6BF2A-F4E1-782E-B793-54576034D887}"
EndProject
Project("{FAE04EC0-301F-11D3-BF4B-00C04F79EFBC}") = "知识点收集1.Editor", "知识点收集1.Editor.csproj", "{7F02CF1B-345D-4D8F-ABA5-10F30303AE69}"
EndProject
Global
	GlobalSection(SolutionConfigurationPlatforms) = preSolution
		Debug|Any CPU = Debug|Any CPU
		Release|Any CPU = Release|Any CPU
	EndGlobalSection
	GlobalSection(ProjectConfigurationPlatforms) = postSolution
		{8DC6BF2A-F4E1-782E-B793-54576034D887}.Debug|Any CPU.ActiveCfg = Debug|Any CPU
		{8DC6BF2A-F4E1-782E-B793-54576034D887}.Debug|Any CPU.Build.0 = Debug|Any CPU
		{8DC6BF2A-F4E1-782E-B793-54576034D887}.Release|Any CPU.ActiveCfg = Release|Any CPU
		{8DC6BF2A-F4E1-782E-B793-54576034D887}.Release|Any CPU.Build.0 = Release|Any CPU
		{7F02CF1B-345D-4D8F-ABA5-10F30303AE69}.Debug|Any CPU.ActiveCfg = Debug|Any CPU
		{7F02CF1B-345D-4D8F-ABA5-10F30303AE69}.Debug|Any CPU.Build.0 = Debug|Any CPU
		{7F02CF1B-345D-4D8F-ABA5-10F30303AE69}.Release|Any CPU.ActiveCfg = Release|Any CPU
		{7F02CF1B-345D-4D8F-ABA5-10F30303AE69}.Release|Any CPU.Build.0 = Release|Any CPU
	EndGlobalSection
	GlobalSection(SolutionProperties) = preSolution
		HideSolutionNode = FALSE
	EndGlobalSection
EndGlobal
