
Microsoft Visual Studio Solution File, Format Version 12.00
# Visual Studio 2017
Project("{FAE04EC0-301F-11D3-BF4B-00C04F79EFBC}") = "Unity+PythonTest", "Unity+PythonTest.csproj", "{D9A800C6-8F42-E0C2-7875-23340A3ADB47}"
EndProject
Global
	GlobalSection(SolutionConfigurationPlatforms) = preSolution
		Debug|Any CPU = Debug|Any CPU
		Release|Any CPU = Release|Any CPU
	EndGlobalSection
	GlobalSection(ProjectConfigurationPlatforms) = postSolution
		{D9A800C6-8F42-E0C2-7875-23340A3ADB47}.Debug|Any CPU.ActiveCfg = Debug|Any CPU
		{D9A800C6-8F42-E0C2-7875-23340A3ADB47}.Debug|Any CPU.Build.0 = Debug|Any CPU
		{D9A800C6-8F42-E0C2-7875-23340A3ADB47}.Release|Any CPU.ActiveCfg = Release|Any CPU
		{D9A800C6-8F42-E0C2-7875-23340A3ADB47}.Release|Any CPU.Build.0 = Release|Any CPU
	EndGlobalSection
	GlobalSection(SolutionProperties) = preSolution
		HideSolutionNode = FALSE
	EndGlobalSection
EndGlobal
